
Microsoft Visual Studio Solution File, Format Version 12.00
# Visual Studio Version 17
VisualStudioVersion = 17.7.34031.279
MinimumVisualStudioVersion = 10.0.40219.1
Project("{FAE04EC0-301F-11D3-BF4B-00C04F79EFBC}") = "FamilyApp", "FamilyApp\FamilyApp.csproj", "{684A4AF8-8711-4A13-912C-8AD0D45A7A55}"
EndProject
Global
	GlobalSection(SolutionConfigurationPlatforms) = preSolution
		Debug|Any CPU = Debug|Any CPU
		Release|Any CPU = Release|Any CPU
	EndGlobalSection
	GlobalSection(ProjectConfigurationPlatforms) = postSolution
		{684A4AF8-8711-4A13-912C-8AD0D45A7A55}.Debug|Any CPU.ActiveCfg = Debug|Any CPU
		{684A4AF8-8711-4A13-912C-8AD0D45A7A55}.Debug|Any CPU.Build.0 = Debug|Any CPU
		{684A4AF8-8711-4A13-912C-8AD0D45A7A55}.Debug|Any CPU.Deploy.0 = Debug|Any CPU
		{684A4AF8-8711-4A13-912C-8AD0D45A7A55}.Release|Any CPU.ActiveCfg = Release|Any CPU
		{684A4AF8-8711-4A13-912C-8AD0D45A7A55}.Release|Any CPU.Build.0 = Release|Any CPU
		{684A4AF8-8711-4A13-912C-8AD0D45A7A55}.Release|Any CPU.Deploy.0 = Release|Any CPU
	EndGlobalSection
	GlobalSection(SolutionProperties) = preSolution
		HideSolutionNode = FALSE
	EndGlobalSection
	GlobalSection(ExtensibilityGlobals) = postSolution
		SolutionGuid = {04BF2CDD-214F-47BF-834F-45E338C65D24}
	EndGlobalSection
EndGlobal
